// !$*UTF8*$!
{
	archiveVersion = 1;
	classes = {
	};
	objectVersion = 46;
	objects = {

/* Begin PBXBuildFile section */
		A8558E4A1DBFBAEA003721A1 /* AppDelegate.swift in Sources */ = {isa = PBXBuildFile; fileRef = A8558E491DBFBAEA003721A1 /* AppDelegate.swift */; };
		A8558E4C1DBFBAEA003721A1 /* GameScene.sks in Resources */ = {isa = PBXBuildFile; fileRef = A8558E4B1DBFBAEA003721A1 /* GameScene.sks */; };
		A8558E4E1DBFBAEA003721A1 /* Actions.sks in Resources */ = {isa = PBXBuildFile; fileRef = A8558E4D1DBFBAEA003721A1 /* Actions.sks */; };
		A8558E501DBFBAEA003721A1 /* GameScene.swift in Sources */ = {isa = PBXBuildFile; fileRef = A8558E4F1DBFBAEA003721A1 /* GameScene.swift */; };
		A8558E521DBFBAEA003721A1 /* GameViewController.swift in Sources */ = {isa = PBXBuildFile; fileRef = A8558E511DBFBAEA003721A1 /* GameViewController.swift */; };
		A8558E551DBFBAEA003721A1 /* Main.storyboard in Resources */ = {isa = PBXBuildFile; fileRef = A8558E531DBFBAEA003721A1 /* Main.storyboard */; };
		A8558E571DBFBAEA003721A1 /* Assets.xcassets in Resources */ = {isa = PBXBuildFile; fileRef = A8558E561DBFBAEA003721A1 /* Assets.xcassets */; };
		A8558E5A1DBFBAEA003721A1 /* LaunchScreen.storyboard in Resources */ = {isa = PBXBuildFile; fileRef = A8558E581DBFBAEA003721A1 /* LaunchScreen.storyboard */; };
/* End PBXBuildFile section */

/* Begin PBXFileReference section */
		A8558E461DBFBAEA003721A1 /* Swiftris.app */ = {isa = PBXFileReference; explicitFileType = wrapper.application; includeInIndex = 0; path = Swiftris.app; sourceTree = BUILT_PRODUCTS_DIR; };
		A8558E491DBFBAEA003721A1 /* AppDelegate.swift */ = {isa = PBXFileReference; lastKnownFileType = sourcecode.swift; path = AppDelegate.swift; sourceTree = "<group>"; };
		A8558E4B1DBFBAEA003721A1 /* GameScene.sks */ = {isa = PBXFileReference; lastKnownFileType = file.sks; path = GameScene.sks; sourceTree = "<group>"; };
		A8558E4D1DBFBAEA003721A1 /* Actions.sks */ = {isa = PBXFileReference; lastKnownFileType = file.sks; path = Actions.sks; sourceTree = "<group>"; };
		A8558E4F1DBFBAEA003721A1 /* GameScene.swift */ = {isa = PBXFileReference; lastKnownFileType = sourcecode.swift; path = GameScene.swift; sourceTree = "<group>"; };
		A8558E511DBFBAEA003721A1 /* GameViewController.swift */ = {isa = PBXFileReference; lastKnownFileType = sourcecode.swift; path = GameViewController.swift; sourceTree = "<group>"; };
		A8558E541DBFBAEA003721A1 /* Base */ = {isa = PBXFileReference; lastKnownFileType = file.storyboard; name = Base; path = Base.lproj/Main.storyboard; sourceTree = "<group>"; };
		A8558E561DBFBAEA003721A1 /* Assets.xcassets */ = {isa = PBXFileReference; lastKnownFileType = folder.assetcatalog; path = Assets.xcassets; sourceTree = "<group>"; };
		A8558E591DBFBAEA003721A1 /* Base */ = {isa = PBXFileReference; lastKnownFileType = file.storyboard; name = Base; path = Base.lproj/LaunchScreen.storyboard; sourceTree = "<group>"; };
		A8558E5B1DBFBAEA003721A1 /* Info.plist */ = {isa = PBXFileReference; lastKnownFileType = text.plist.xml; path = Info.plist; sourceTree = "<group>"; };
/* End PBXFileReference section */

/* Begin PBXFrameworksBuildPhase section */
		A8558E431DBFBAEA003721A1 /* Frameworks */ = {
			isa = PBXFrameworksBuildPhase;
			buildActionMask = 2147483647;
			files = (
			);
			runOnlyForDeploymentPostprocessing = 0;
		};
/* End PBXFrameworksBuildPhase section */

/* Begin PBXGroup section */
		A8558E3D1DBFBAEA003721A1 = {
			isa = PBXGroup;
			children = (
				A8558E481DBFBAEA003721A1 /* Swiftris */,
				A8558E471DBFBAEA003721A1 /* Products */,
			);
			sourceTree = "<group>";
		};
		A8558E471DBFBAEA003721A1 /* Products */ = {
			isa = PBXGroup;
			children = (
				A8558E461DBFBAEA003721A1 /* Swiftris.app */,
			);
			name = Products;
			sourceTree = "<group>";
		};
		A8558E481DBFBAEA003721A1 /* Swiftris */ = {
			isa = PBXGroup;
			children = (
				A8558E491DBFBAEA003721A1 /* AppDelegate.swift */,
				A8558E4B1DBFBAEA003721A1 /* GameScene.sks */,
				A8558E4D1DBFBAEA003721A1 /* Actions.sks */,
				A8558E4F1DBFBAEA003721A1 /* GameScene.swift */,
				A8558E511DBFBAEA003721A1 /* GameViewController.swift */,
				A8558E531DBFBAEA003721A1 /* Main.storyboard */,
				A8558E561DBFBAEA003721A1 /* Assets.xcassets */,
				A8558E581DBFBAEA003721A1 /* LaunchScreen.storyboard */,
				A8558E5B1DBFBAEA003721A1 /* Info.plist */,
			);
			path = Swiftris;
			sourceTree = "<group>";
		};
/* End PBXGroup section */

/* Begin PBXNativeTarget section */
		A8558E451DBFBAEA003721A1 /* Swiftris */ = {
			isa = PBXNativeTarget;
			buildConfigurationList = A8558E5E1DBFBAEA003721A1 /* Build configuration list for PBXNativeTarget "Swiftris" */;
			buildPhases = (
				A8558E421DBFBAEA003721A1 /* Sources */,
				A8558E431DBFBAEA003721A1 /* Frameworks */,
				A8558E441DBFBAEA003721A1 /* Resources */,
			);
			buildRules = (
			);
			dependencies = (
			);
			name = Swiftris;
			productName = Swiftris;
			productReference = A8558E461DBFBAEA003721A1 /* Swiftris.app */;
			productType = "com.apple.product-type.application";
		};
/* End PBXNativeTarget section */

/* Begin PBXProject section */
		A8558E3E1DBFBAEA003721A1 /* Project object */ = {
			isa = PBXProject;
			attributes = {
				LastSwiftUpdateCheck = 0800;
				LastUpgradeCheck = 0800;
				ORGANIZATIONNAME = "Robbie Merillat";
				TargetAttributes = {
					A8558E451DBFBAEA003721A1 = {
						CreatedOnToolsVersion = 8.0;
						DevelopmentTeam = 8NS25GUXMH;
						ProvisioningStyle = Automatic;
					};
				};
			};
			buildConfigurationList = A8558E411DBFBAEA003721A1 /* Build configuration list for PBXProject "Swiftris" */;
			compatibilityVersion = "Xcode 3.2";
			developmentRegion = English;
			hasScannedForEncodings = 0;
			knownRegions = (
				en,
				Base,
			);
			mainGroup = A8558E3D1DBFBAEA003721A1;
			productRefGroup = A8558E471DBFBAEA003721A1 /* Products */;
			projectDirPath = "";
			projectRoot = "";
			targets = (
				A8558E451DBFBAEA003721A1 /* Swiftris */,
			);
		};
/* End PBXProject section */

/* Begin PBXResourcesBuildPhase section */
		A8558E441DBFBAEA003721A1 /* Resources */ = {
			isa = PBXResourcesBuildPhase;
			buildActionMask = 2147483647;
			files = (
				A8558E551DBFBAEA003721A1 /* Main.storyboard in Resources */,
				A8558E4C1DBFBAEA003721A1 /* GameScene.sks in Resources */,
				A8558E571DBFBAEA003721A1 /* Assets.xcassets in Resources */,
				A8558E5A1DBFBAEA003721A1 /* LaunchScreen.storyboard in Resources */,
				A8558E4E1DBFBAEA003721A1 /* Actions.sks in Resources */,
			);
			runOnlyForDeploymentPostprocessing = 0;
		};
/* End PBXResourcesBuildPhase section */

/* Begin PBXSourcesBuildPhase section */
		A8558E421DBFBAEA003721A1 /* Sources */ = {
			isa = PBXSourcesBuildPhase;
			buildActionMask = 2147483647;
			files = (
				A8558E501DBFBAEA003721A1 /* GameScene.swift in Sources */,
				A8558E521DBFBAEA003721A1 /* GameViewController.swift in Sources */,
				A8558E4A1DBFBAEA003721A1 /* AppDelegate.swift in Sources */,
			);
			runOnlyForDeploymentPostprocessing = 0;
		};
/* End PBXSourcesBuildPhase section */

/* Begin PBXVariantGroup section */
		A8558E531DBFBAEA003721A1 /* Main.storyboard */ = {
			isa = PBXVariantGroup;
			children = (
				A8558E541DBFBAEA003721A1 /* Base */,
			);
			name = Main.storyboard;
			sourceTree = "<group>";
		};
		A8558E581DBFBAEA003721A1 /* LaunchScreen.storyboard */ = {
			isa = PBXVariantGroup;
			children = (
				A8558E591DBFBAEA003721A1 /* Base */,
			);
			name = LaunchScreen.storyboard;
			sourceTree = "<group>";
		};
/* End PBXVariantGroup section */

/* Begin XCBuildConfiguration section */
		A8558E5C1DBFBAEA003721A1 /* Debug */ = {
			isa = XCBuildConfiguration;
			buildSettings = {
				ALWAYS_SEARCH_USER_PATHS = NO;
				CLANG_ANALYZER_NONNULL = YES;
				CLANG_CXX_LANGUAGE_STANDARD = "gnu++0x";
				CLANG_CXX_LIBRARY = "libc++";
				CLANG_ENABLE_MODULES = YES;
				CLANG_ENABLE_OBJC_ARC = YES;
				CLANG_WARN_BOOL_CONVERSION = YES;
				CLANG_WARN_CONSTANT_CONVERSION = YES;
				CLANG_WARN_DIRECT_OBJC_ISA_USAGE = YES_ERROR;
				CLANG_WARN_DOCUMENTATION_COMMENTS = YES;
				CLANG_WARN_EMPTY_BODY = YES;
				CLANG_WARN_ENUM_CONVERSION = YES;
				CLANG_WARN_INFINITE_RECURSION = YES;
				CLANG_WARN_INT_CONVERSION = YES;
				CLANG_WARN_OBJC_ROOT_CLASS = YES_ERROR;
				CLANG_WARN_SUSPICIOUS_MOVES = YES;
				CLANG_WARN_UNREACHABLE_CODE = YES;
				CLANG_WARN__DUPLICATE_METHOD_MATCH = YES;
				"CODE_SIGN_IDENTITY[sdk=iphoneos*]" = "iPhone Developer";
				COPY_PHASE_STRIP = NO;
				DEBUG_INFORMATION_FORMAT = dwarf;
				ENABLE_STRICT_OBJC_MSGSEND = YES;
				ENABLE_TESTABILITY = YES;
				GCC_C_LANGUAGE_STANDARD = gnu99;
				GCC_DYNAMIC_NO_PIC = NO;
				GCC_NO_COMMON_BLOCKS = YES;
				GCC_OPTIMIZATION_LEVEL = 0;
				GCC_PREPROCESSOR_DEFINITIONS = (
					"DEBUG=1",
					"$(inherited)",
				);
				GCC_WARN_64_TO_32_BIT_CONVERSION = YES;
				GCC_WARN_ABOUT_RETURN_TYPE = YES_ERROR;
				GCC_WARN_UNDECLARED_SELECTOR = YES;
				GCC_WARN_UNINITIALIZED_AUTOS = YES_AGGRESSIVE;
				GCC_WARN_UNUSED_FUNCTION = YES;
				GCC_WARN_UNUSED_VARIABLE = YES;
				IPHONEOS_DEPLOYMENT_TARGET = 10.0;
				MTL_ENABLE_DEBUG_INFO = YES;
				ONLY_ACTIVE_ARCH = YES;
				SDKROOT = iphoneos;
				SWIFT_ACTIVE_COMPILATION_CONDITIONS = DEBUG;
				SWIFT_OPTIMIZATION_LEVEL = "-Onone";
				TARGETED_DEVICE_FAMILY = "1,2";
			};
			name = Debug;
		};
		A8558E5D1DBFBAEA003721A1 /* Release */ = {
			isa = XCBuildConfiguration;
			buildSettings = {
				ALWAYS_SEARCH_USER_PATHS = NO;
				CLANG_ANALYZER_NONNULL = YES;
				CLANG_CXX_LANGUAGE_STANDARD = "gnu++0x";
				CLANG_CXX_LIBRARY = "libc++";
				CLANG_ENABLE_MODULES = YES;
				CLANG_ENABLE_OBJC_ARC = YES;
				CLANG_WARN_BOOL_CONVERSION = YES;
				CLANG_WARN_CONSTANT_CONVERSION = YES;
				CLANG_WARN_DIRECT_OBJC_ISA_USAGE = YES_ERROR;
				CLANG_WARN_DOCUMENTATION_COMMENTS = YES;
				CLANG_WARN_EMPTY_BODY = YES;
				CLANG_WARN_ENUM_CONVERSION = YES;
				CLANG_WARN_INFINITE_RECURSION = YES;
				CLANG_WARN_INT_CONVERSION = YES;
				CLANG_WARN_OBJC_ROOT_CLASS = YES_ERROR;
				CLANG_WARN_SUSPICIOUS_MOVES = YES;
				CLANG_WARN_UNREACHABLE_CODE = YES;
				CLANG_WARN__DUPLICATE_METHOD_MATCH = YES;
				"CODE_SIGN_IDENTITY[sdk=iphoneos*]" = "iPhone Developer";
				COPY_PHASE_STRIP = NO;
				DEBUG_INFORMATION_FORMAT = "dwarf-with-dsym";
				ENABLE_NS_ASSERTIONS = NO;
				ENABLE_STRICT_OBJC_MSGSEND = YES;
				GCC_C_LANGUAGE_STANDARD = gnu99;
				GCC_NO_COMMON_BLOCKS = YES;
				GCC_WARN_64_TO_32_BIT_CONVERSION = YES;
				GCC_WARN_ABOUT_RETURN_TYPE = YES_ERROR;
				GCC_WARN_UNDECLARED_SELECTOR = YES;
				GCC_WARN_UNINITIALIZED_AUTOS = YES_AGGRESSIVE;
				GCC_WARN_UNUSED_FUNCTION = YES;
				GCC_WARN_UNUSED_VARIABLE = YES;
				IPHONEOS_DEPLOYMENT_TARGET = 10.0;
				MTL_ENABLE_DEBUG_INFO = NO;
				SDKROOT = iphoneos;
				SWIFT_OPTIMIZATION_LEVEL = "-Owholemodule";
				TARGETED_DEVICE_FAMILY = "1,2";
				VALIDATE_PRODUCT = YES;
			};
			name = Release;
		};
		A8558E5F1DBFBAEA003721A1 /* Debug */ = {
			isa = XCBuildConfiguration;
			buildSettings = {
				ASSETCATALOG_COMPILER_APPICON_NAME = AppIcon;
				DEVELOPMENT_TEAM = 8NS25GUXMH;
				INFOPLIST_FILE = Swiftris/Info.plist;
				LD_RUNPATH_SEARCH_PATHS = "$(inherited) @executable_path/Frameworks";
				PRODUCT_BUNDLE_IDENTIFIER = edu.mines.rdmerillat.Swiftris;
				PRODUCT_NAME = "$(TARGET_NAME)";
				SWIFT_VERSION = 3.0;
			};
			name = Debug;
		};
		A8558E601DBFBAEA003721A1 /* Release */ = {
			isa = XCBuildConfiguration;
			buildSettings = {
				ASSETCATALOG_COMPILER_APPICON_NAME = AppIcon;
				DEVELOPMENT_TEAM = 8NS25GUXMH;
				INFOPLIST_FILE = Swiftris/Info.plist;
				LD_RUNPATH_SEARCH_PATHS = "$(inherited) @executable_path/Frameworks";
				PRODUCT_BUNDLE_IDENTIFIER = edu.mines.rdmerillat.Swiftris;
				PRODUCT_NAME = "$(TARGET_NAME)";
				SWIFT_VERSION = 3.0;
			};
			name = Release;
		};
/* End XCBuildConfiguration section */

/* Begin XCConfigurationList section */
		A8558E411DBFBAEA003721A1 /* Build configuration list for PBXProject "Swiftris" */ = {
			isa = XCConfigurationList;
			buildConfigurations = (
				A8558E5C1DBFBAEA003721A1 /* Debug */,
				A8558E5D1DBFBAEA003721A1 /* Release */,
			);
			defaultConfigurationIsVisible = 0;
			defaultConfigurationName = Release;
		};
		A8558E5E1DBFBAEA003721A1 /* Build configuration list for PBXNativeTarget "Swiftris" */ = {
			isa = XCConfigurationList;
			buildConfigurations = (
				A8558E5F1DBFBAEA003721A1 /* Debug */,
				A8558E601DBFBAEA003721A1 /* Release */,
			);
			defaultConfigurationIsVisible = 0;
		};
/* End XCConfigurationList section */
	};
	rootObject = A8558E3E1DBFBAEA003721A1 /* Project object */;
}
